
Microsoft Visual Studio Solution File, Format Version 12.00
# Visual Studio Version 17
VisualStudioVersion = 17.10.34916.146
MinimumVisualStudioVersion = 10.0.40219.1
Project("{8BC9CEB8-8B4A-11D0-8D11-00A0C91BC942}") = "TestSnap", "TestSnap\TestSnap.vcxproj", "{7A08C6A1-D660-4708-A5F1-0F9F9C79D360}"
EndProject
Project("{8BC9CEB8-8B4A-11D0-8D11-00A0C91BC942}") = "TestSnapPS", "TestSnapPS\TestSnapPS.vcxproj", "{E99B46B9-EFF8-44F2-9286-A0268CFB69FD}"
	ProjectSection(ProjectDependencies) = postProject
		{7A08C6A1-D660-4708-A5F1-0F9F9C79D360} = {7A08C6A1-D660-4708-A5F1-0F9F9C79D360}
	EndProjectSection
EndProject
Global
	GlobalSection(SolutionConfigurationPlatforms) = preSolution
		Debug|x64 = Debug|x64
		Debug|x86 = Debug|x86
		Release|x64 = Release|x64
		Release|x86 = Release|x86
	EndGlobalSection
	GlobalSection(ProjectConfigurationPlatforms) = postSolution
		{7A08C6A1-D660-4708-A5F1-0F9F9C79D360}.Debug|x64.ActiveCfg = Debug|x64
		{7A08C6A1-D660-4708-A5F1-0F9F9C79D360}.Debug|x64.Build.0 = Debug|x64
		{7A08C6A1-D660-4708-A5F1-0F9F9C79D360}.Debug|x86.ActiveCfg = Debug|Win32
		{7A08C6A1-D660-4708-A5F1-0F9F9C79D360}.Debug|x86.Build.0 = Debug|Win32
		{7A08C6A1-D660-4708-A5F1-0F9F9C79D360}.Release|x64.ActiveCfg = Release|x64
		{7A08C6A1-D660-4708-A5F1-0F9F9C79D360}.Release|x64.Build.0 = Release|x64
		{7A08C6A1-D660-4708-A5F1-0F9F9C79D360}.Release|x86.ActiveCfg = Release|Win32
		{7A08C6A1-D660-4708-A5F1-0F9F9C79D360}.Release|x86.Build.0 = Release|Win32
		{E99B46B9-EFF8-44F2-9286-A0268CFB69FD}.Debug|x64.ActiveCfg = Debug|x64
		{E99B46B9-EFF8-44F2-9286-A0268CFB69FD}.Debug|x86.ActiveCfg = Debug|Win32
		{E99B46B9-EFF8-44F2-9286-A0268CFB69FD}.Release|x64.ActiveCfg = Release|x64
		{E99B46B9-EFF8-44F2-9286-A0268CFB69FD}.Release|x86.ActiveCfg = Release|Win32
	EndGlobalSection
	GlobalSection(SolutionProperties) = preSolution
		HideSolutionNode = FALSE
	EndGlobalSection
	GlobalSection(ExtensibilityGlobals) = postSolution
		SolutionGuid = {42AAE1EA-D845-4C7F-B32F-6166E96BA16C}
	EndGlobalSection
EndGlobal
